
Microsoft Visual Studio Solution File, Format Version 12.00
# Visual Studio Version 17
VisualStudioVersion = 17.0.31919.166
MinimumVisualStudioVersion = 10.0.40219.1
Project("{2150E333-8FDC-42A3-9474-1A3956D46DE8}") = "ImportedReports", "ImportedReports", "{C2AE7BE7-05A0-46CE-A22F-C1ED44AF3267}"
EndProject
Project("{2150E333-8FDC-42A3-9474-1A3956D46DE8}") = "Common", "Common", "{67E4451F-A279-4C86-BFF3-4103596C81BD}"
EndProject
Project("{2150E333-8FDC-42A3-9474-1A3956D46DE8}") = "Solution Items", "Solution Items", "{357F7862-12A3-44A9-81D5-878FAE368C38}"
	ProjectSection(SolutionItems) = preProject
		.env = .env
	EndProjectSection
EndProject
Project("{E53339B2-1760-4266-BCC7-CA923CBCF16C}") = "docker-compose", "docker-compose.dcproj", "{DAFAAFA4-0655-4857-BE88-069408E12941}"
EndProject
Project("{2150E333-8FDC-42A3-9474-1A3956D46DE8}") = "Rabbitmq", "Rabbitmq", "{DCFA6217-D962-46FA-86FD-4FB8BD251A3C}"
	ProjectSection(SolutionItems) = preProject
		Common\Rabbitmq\definitions.json = Common\Rabbitmq\definitions.json
		Common\Rabbitmq\Dockerfile = Common\Rabbitmq\Dockerfile
		Common\Rabbitmq\rabbitmq.conf = Common\Rabbitmq\rabbitmq.conf
	EndProjectSection
EndProject
Project("{9A19103F-16F7-4668-BE54-9A1E7A4F7556}") = "ImportedReports.Application", "ImportedReports\ImportedReports.Application\ImportedReports.Application.csproj", "{B422B73B-936A-4196-8D49-729225126A36}"
EndProject
Project("{9A19103F-16F7-4668-BE54-9A1E7A4F7556}") = "ImportedReports.WorkerService", "ImportedReports\ImportedReports.WorkerService\ImportedReports.WorkerService.csproj", "{4552DD60-93B1-4FA6-886C-87467A375F27}"
EndProject
Project("{2150E333-8FDC-42A3-9474-1A3956D46DE8}") = "FileUpload", "FileUpload", "{E8896918-5D65-4379-8D1B-BBBF06D598EF}"
EndProject
Project("{9A19103F-16F7-4668-BE54-9A1E7A4F7556}") = "SpendingSummary.Common", "Common\SpendingSummary.Common\SpendingSummary.Common.csproj", "{708E0BA6-7CC2-46B4-8A5C-55522D307EF4}"
EndProject
Project("{9A19103F-16F7-4668-BE54-9A1E7A4F7556}") = "SpendingSummary.QueueBus", "Common\SpendingSummary.QueueBus\SpendingSummary.QueueBus.csproj", "{8BB995DB-7C7E-4902-90CD-A1BF25B67DB6}"
EndProject
Project("{2150E333-8FDC-42A3-9474-1A3956D46DE8}") = "Core", "Core", "{831A6D21-34F3-488D-8D26-585C711211B1}"
EndProject
Project("{9A19103F-16F7-4668-BE54-9A1E7A4F7556}") = "ImportedReports.Model", "ImportedReports\ImportedReports.Core\ImportedReports.Model\ImportedReports.Model.csproj", "{6DDEE7F0-7CC6-4006-BBD2-17BCB2044E88}"
EndProject
Project("{9A19103F-16F7-4668-BE54-9A1E7A4F7556}") = "ImportedReports.Parser.ReportParser", "ImportedReports\ImportedReports.Core\ImportedReports.Parser.ReportParser\ImportedReports.Parser.ReportParser.csproj", "{E995095A-8F2C-489F-828B-2BEDFBFCC6A7}"
EndProject
Project("{9A19103F-16F7-4668-BE54-9A1E7A4F7556}") = "ImportedReports.Parser.ReportParser.Tests", "ImportedReports\ImportedReports.Tests\ImportedReports.Parser.ReportParser.Tests.csproj", "{D76DF8C1-9FA9-4774-80C0-C36DF2AD74E7}"
EndProject
Project("{9A19103F-16F7-4668-BE54-9A1E7A4F7556}") = "ImportedReports.ReportReader", "ImportedReports\ImportedReports.ReportReader\ImportedReports.ReportReader.csproj", "{0F597C73-1C36-4FC8-A032-26061E0E944E}"
EndProject
Project("{9A19103F-16F7-4668-BE54-9A1E7A4F7556}") = "SpendingsSummary.FileUpload.Presentation", "FileUpload\SpendingsSummary.FileUpload.Presentation\SpendingsSummary.FileUpload.Presentation.csproj", "{8D2A524C-303E-4D81-AA20-DBCDB3B206E6}"
EndProject
Project("{9A19103F-16F7-4668-BE54-9A1E7A4F7556}") = "SpendingsSummary.FileUpload.Application", "FileUpload\SpendingsSummary.FileUpload.Application\SpendingsSummary.FileUpload.Application.csproj", "{6082BA33-C012-454E-9AE9-03FA23F400BA}"
EndProject
Project("{9A19103F-16F7-4668-BE54-9A1E7A4F7556}") = "SpendingsSummary.FileUpload.Core", "FileUpload\SpendingsSummary.FileUpload.Core\SpendingsSummary.FileUpload.Core.csproj", "{28CF00A1-31FA-470E-B05C-244A4A3BFA6A}"
EndProject
Project("{9A19103F-16F7-4668-BE54-9A1E7A4F7556}") = "SpendingsSummary.FileUpload.DAL", "FileUpload\SpendingsSummary.FileUpload.DAL\SpendingsSummary.FileUpload.DAL.csproj", "{91754EE9-E2A3-404C-92FD-8D8ECA75BBC4}"
EndProject
Project("{2150E333-8FDC-42A3-9474-1A3956D46DE8}") = "FinancialTransactions", "FinancialTransactions", "{0ECFC17D-3F4F-442B-9864-9CA73CBA412F}"
EndProject
Project("{9A19103F-16F7-4668-BE54-9A1E7A4F7556}") = "SpendingSummary.FinancialTransactions.WorkerService", "FinancialTransactions\FinancialTransactions.WorkerService\SpendingSummary.FinancialTransactions.WorkerService.csproj", "{3095335F-909E-42F8-A419-8F09255A9F5D}"
EndProject
Project("{FAE04EC0-301F-11D3-BF4B-00C04F79EFBC}") = "SpendingSummary.FinancialTransactions.Application", "FinancialTransactions\SpendingSummary.FinancialTransactions.Application\SpendingSummary.FinancialTransactions.Application.csproj", "{C7155AAE-E346-4F16-A9D2-1A745D375E5A}"
EndProject
Global
	GlobalSection(SolutionConfigurationPlatforms) = preSolution
		Debug|Any CPU = Debug|Any CPU
		Release|Any CPU = Release|Any CPU
	EndGlobalSection
	GlobalSection(ProjectConfigurationPlatforms) = postSolution
		{DAFAAFA4-0655-4857-BE88-069408E12941}.Debug|Any CPU.ActiveCfg = Debug|Any CPU
		{DAFAAFA4-0655-4857-BE88-069408E12941}.Debug|Any CPU.Build.0 = Debug|Any CPU
		{DAFAAFA4-0655-4857-BE88-069408E12941}.Release|Any CPU.ActiveCfg = Release|Any CPU
		{DAFAAFA4-0655-4857-BE88-069408E12941}.Release|Any CPU.Build.0 = Release|Any CPU
		{B422B73B-936A-4196-8D49-729225126A36}.Debug|Any CPU.ActiveCfg = Debug|Any CPU
		{B422B73B-936A-4196-8D49-729225126A36}.Debug|Any CPU.Build.0 = Debug|Any CPU
		{B422B73B-936A-4196-8D49-729225126A36}.Release|Any CPU.ActiveCfg = Release|Any CPU
		{B422B73B-936A-4196-8D49-729225126A36}.Release|Any CPU.Build.0 = Release|Any CPU
		{4552DD60-93B1-4FA6-886C-87467A375F27}.Debug|Any CPU.ActiveCfg = Debug|Any CPU
		{4552DD60-93B1-4FA6-886C-87467A375F27}.Debug|Any CPU.Build.0 = Debug|Any CPU
		{4552DD60-93B1-4FA6-886C-87467A375F27}.Release|Any CPU.ActiveCfg = Release|Any CPU
		{4552DD60-93B1-4FA6-886C-87467A375F27}.Release|Any CPU.Build.0 = Release|Any CPU
		{708E0BA6-7CC2-46B4-8A5C-55522D307EF4}.Debug|Any CPU.ActiveCfg = Debug|Any CPU
		{708E0BA6-7CC2-46B4-8A5C-55522D307EF4}.Debug|Any CPU.Build.0 = Debug|Any CPU
		{708E0BA6-7CC2-46B4-8A5C-55522D307EF4}.Release|Any CPU.ActiveCfg = Release|Any CPU
		{708E0BA6-7CC2-46B4-8A5C-55522D307EF4}.Release|Any CPU.Build.0 = Release|Any CPU
		{8BB995DB-7C7E-4902-90CD-A1BF25B67DB6}.Debug|Any CPU.ActiveCfg = Debug|Any CPU
		{8BB995DB-7C7E-4902-90CD-A1BF25B67DB6}.Debug|Any CPU.Build.0 = Debug|Any CPU
		{8BB995DB-7C7E-4902-90CD-A1BF25B67DB6}.Release|Any CPU.ActiveCfg = Release|Any CPU
		{8BB995DB-7C7E-4902-90CD-A1BF25B67DB6}.Release|Any CPU.Build.0 = Release|Any CPU
		{6DDEE7F0-7CC6-4006-BBD2-17BCB2044E88}.Debug|Any CPU.ActiveCfg = Debug|Any CPU
		{6DDEE7F0-7CC6-4006-BBD2-17BCB2044E88}.Debug|Any CPU.Build.0 = Debug|Any CPU
		{6DDEE7F0-7CC6-4006-BBD2-17BCB2044E88}.Release|Any CPU.ActiveCfg = Release|Any CPU
		{6DDEE7F0-7CC6-4006-BBD2-17BCB2044E88}.Release|Any CPU.Build.0 = Release|Any CPU
		{E995095A-8F2C-489F-828B-2BEDFBFCC6A7}.Debug|Any CPU.ActiveCfg = Debug|Any CPU
		{E995095A-8F2C-489F-828B-2BEDFBFCC6A7}.Debug|Any CPU.Build.0 = Debug|Any CPU
		{E995095A-8F2C-489F-828B-2BEDFBFCC6A7}.Release|Any CPU.ActiveCfg = Release|Any CPU
		{E995095A-8F2C-489F-828B-2BEDFBFCC6A7}.Release|Any CPU.Build.0 = Release|Any CPU
		{D76DF8C1-9FA9-4774-80C0-C36DF2AD74E7}.Debug|Any CPU.ActiveCfg = Debug|Any CPU
		{D76DF8C1-9FA9-4774-80C0-C36DF2AD74E7}.Debug|Any CPU.Build.0 = Debug|Any CPU
		{D76DF8C1-9FA9-4774-80C0-C36DF2AD74E7}.Release|Any CPU.ActiveCfg = Release|Any CPU
		{D76DF8C1-9FA9-4774-80C0-C36DF2AD74E7}.Release|Any CPU.Build.0 = Release|Any CPU
		{0F597C73-1C36-4FC8-A032-26061E0E944E}.Debug|Any CPU.ActiveCfg = Debug|Any CPU
		{0F597C73-1C36-4FC8-A032-26061E0E944E}.Debug|Any CPU.Build.0 = Debug|Any CPU
		{0F597C73-1C36-4FC8-A032-26061E0E944E}.Release|Any CPU.ActiveCfg = Release|Any CPU
		{0F597C73-1C36-4FC8-A032-26061E0E944E}.Release|Any CPU.Build.0 = Release|Any CPU
		{8D2A524C-303E-4D81-AA20-DBCDB3B206E6}.Debug|Any CPU.ActiveCfg = Debug|Any CPU
		{8D2A524C-303E-4D81-AA20-DBCDB3B206E6}.Debug|Any CPU.Build.0 = Debug|Any CPU
		{8D2A524C-303E-4D81-AA20-DBCDB3B206E6}.Release|Any CPU.ActiveCfg = Release|Any CPU
		{8D2A524C-303E-4D81-AA20-DBCDB3B206E6}.Release|Any CPU.Build.0 = Release|Any CPU
		{6082BA33-C012-454E-9AE9-03FA23F400BA}.Debug|Any CPU.ActiveCfg = Debug|Any CPU
		{6082BA33-C012-454E-9AE9-03FA23F400BA}.Debug|Any CPU.Build.0 = Debug|Any CPU
		{6082BA33-C012-454E-9AE9-03FA23F400BA}.Release|Any CPU.ActiveCfg = Release|Any CPU
		{6082BA33-C012-454E-9AE9-03FA23F400BA}.Release|Any CPU.Build.0 = Release|Any CPU
		{28CF00A1-31FA-470E-B05C-244A4A3BFA6A}.Debug|Any CPU.ActiveCfg = Debug|Any CPU
		{28CF00A1-31FA-470E-B05C-244A4A3BFA6A}.Debug|Any CPU.Build.0 = Debug|Any CPU
		{28CF00A1-31FA-470E-B05C-244A4A3BFA6A}.Release|Any CPU.ActiveCfg = Release|Any CPU
		{28CF00A1-31FA-470E-B05C-244A4A3BFA6A}.Release|Any CPU.Build.0 = Release|Any CPU
		{91754EE9-E2A3-404C-92FD-8D8ECA75BBC4}.Debug|Any CPU.ActiveCfg = Debug|Any CPU
		{91754EE9-E2A3-404C-92FD-8D8ECA75BBC4}.Debug|Any CPU.Build.0 = Debug|Any CPU
		{91754EE9-E2A3-404C-92FD-8D8ECA75BBC4}.Release|Any CPU.ActiveCfg = Release|Any CPU
		{91754EE9-E2A3-404C-92FD-8D8ECA75BBC4}.Release|Any CPU.Build.0 = Release|Any CPU
		{3095335F-909E-42F8-A419-8F09255A9F5D}.Debug|Any CPU.ActiveCfg = Debug|Any CPU
		{3095335F-909E-42F8-A419-8F09255A9F5D}.Debug|Any CPU.Build.0 = Debug|Any CPU
		{3095335F-909E-42F8-A419-8F09255A9F5D}.Release|Any CPU.ActiveCfg = Release|Any CPU
		{3095335F-909E-42F8-A419-8F09255A9F5D}.Release|Any CPU.Build.0 = Release|Any CPU
		{C7155AAE-E346-4F16-A9D2-1A745D375E5A}.Debug|Any CPU.ActiveCfg = Debug|Any CPU
		{C7155AAE-E346-4F16-A9D2-1A745D375E5A}.Debug|Any CPU.Build.0 = Debug|Any CPU
		{C7155AAE-E346-4F16-A9D2-1A745D375E5A}.Release|Any CPU.ActiveCfg = Release|Any CPU
		{C7155AAE-E346-4F16-A9D2-1A745D375E5A}.Release|Any CPU.Build.0 = Release|Any CPU
	EndGlobalSection
	GlobalSection(SolutionProperties) = preSolution
		HideSolutionNode = FALSE
	EndGlobalSection
	GlobalSection(NestedProjects) = preSolution
		{DCFA6217-D962-46FA-86FD-4FB8BD251A3C} = {67E4451F-A279-4C86-BFF3-4103596C81BD}
		{B422B73B-936A-4196-8D49-729225126A36} = {C2AE7BE7-05A0-46CE-A22F-C1ED44AF3267}
		{4552DD60-93B1-4FA6-886C-87467A375F27} = {C2AE7BE7-05A0-46CE-A22F-C1ED44AF3267}
		{708E0BA6-7CC2-46B4-8A5C-55522D307EF4} = {67E4451F-A279-4C86-BFF3-4103596C81BD}
		{8BB995DB-7C7E-4902-90CD-A1BF25B67DB6} = {67E4451F-A279-4C86-BFF3-4103596C81BD}
		{831A6D21-34F3-488D-8D26-585C711211B1} = {C2AE7BE7-05A0-46CE-A22F-C1ED44AF3267}
		{6DDEE7F0-7CC6-4006-BBD2-17BCB2044E88} = {831A6D21-34F3-488D-8D26-585C711211B1}
		{E995095A-8F2C-489F-828B-2BEDFBFCC6A7} = {831A6D21-34F3-488D-8D26-585C711211B1}
		{D76DF8C1-9FA9-4774-80C0-C36DF2AD74E7} = {C2AE7BE7-05A0-46CE-A22F-C1ED44AF3267}
		{0F597C73-1C36-4FC8-A032-26061E0E944E} = {C2AE7BE7-05A0-46CE-A22F-C1ED44AF3267}
		{8D2A524C-303E-4D81-AA20-DBCDB3B206E6} = {E8896918-5D65-4379-8D1B-BBBF06D598EF}
		{6082BA33-C012-454E-9AE9-03FA23F400BA} = {E8896918-5D65-4379-8D1B-BBBF06D598EF}
		{28CF00A1-31FA-470E-B05C-244A4A3BFA6A} = {E8896918-5D65-4379-8D1B-BBBF06D598EF}
		{91754EE9-E2A3-404C-92FD-8D8ECA75BBC4} = {E8896918-5D65-4379-8D1B-BBBF06D598EF}
		{3095335F-909E-42F8-A419-8F09255A9F5D} = {0ECFC17D-3F4F-442B-9864-9CA73CBA412F}
		{C7155AAE-E346-4F16-A9D2-1A745D375E5A} = {0ECFC17D-3F4F-442B-9864-9CA73CBA412F}
	EndGlobalSection
	GlobalSection(ExtensibilityGlobals) = postSolution
		SolutionGuid = {EA2F8E7A-41BD-479D-A4F2-733E8A1E1F0D}
	EndGlobalSection
EndGlobal
