
Microsoft Visual Studio Solution File, Format Version 12.00
# Visual Studio Version 17
VisualStudioVersion = 17.0.31919.166
MinimumVisualStudioVersion = 10.0.40219.1
Project("{9A19103F-16F7-4668-BE54-9A1E7A4F7556}") = "SpendingsSummary.FileUpload.Presentation", "SpendingsSummary.FileUpload.Presentation\SpendingsSummary.FileUpload.Presentation.csproj", "{C8B65F0D-50D6-4547-A3C7-B5669F1044F4}"
EndProject
Project("{FAE04EC0-301F-11D3-BF4B-00C04F79EFBC}") = "SpendingsSummary.FileUpload.Core", "SpendingsSummary.FileUpload.Core\SpendingsSummary.FileUpload.Core.csproj", "{992527F7-3AB9-4C65-81EB-0BA129A6E96B}"
EndProject
Global
	GlobalSection(SolutionConfigurationPlatforms) = preSolution
		Debug|Any CPU = Debug|Any CPU
		Release|Any CPU = Release|Any CPU
	EndGlobalSection
	GlobalSection(ProjectConfigurationPlatforms) = postSolution
		{C8B65F0D-50D6-4547-A3C7-B5669F1044F4}.Debug|Any CPU.ActiveCfg = Debug|Any CPU
		{C8B65F0D-50D6-4547-A3C7-B5669F1044F4}.Debug|Any CPU.Build.0 = Debug|Any CPU
		{C8B65F0D-50D6-4547-A3C7-B5669F1044F4}.Release|Any CPU.ActiveCfg = Release|Any CPU
		{C8B65F0D-50D6-4547-A3C7-B5669F1044F4}.Release|Any CPU.Build.0 = Release|Any CPU
		{992527F7-3AB9-4C65-81EB-0BA129A6E96B}.Debug|Any CPU.ActiveCfg = Debug|Any CPU
		{992527F7-3AB9-4C65-81EB-0BA129A6E96B}.Debug|Any CPU.Build.0 = Debug|Any CPU
		{992527F7-3AB9-4C65-81EB-0BA129A6E96B}.Release|Any CPU.ActiveCfg = Release|Any CPU
		{992527F7-3AB9-4C65-81EB-0BA129A6E96B}.Release|Any CPU.Build.0 = Release|Any CPU
	EndGlobalSection
	GlobalSection(SolutionProperties) = preSolution
		HideSolutionNode = FALSE
	EndGlobalSection
	GlobalSection(ExtensibilityGlobals) = postSolution
		SolutionGuid = {A67A207B-398A-428F-84AD-7B15677A5CCA}
	EndGlobalSection
EndGlobal
