
Microsoft Visual Studio Solution File, Format Version 12.00
# Visual Studio Version 16
VisualStudioVersion = 16.0.30804.86
MinimumVisualStudioVersion = 10.0.40219.1
Project("{9A19103F-16F7-4668-BE54-9A1E7A4F7556}") = "SpendingsSummary.Interfaces", "SpendingsSummary.Interfaces\SpendingsSummary.Interfaces.csproj", "{6A5AD8AD-57F8-4C56-9F03-D6919ABAE3E6}"
EndProject
Project("{9A19103F-16F7-4668-BE54-9A1E7A4F7556}") = "SpendingsSummary.Application", "SpendingsSummary.Application\SpendingsSummary.Application.csproj", "{B18EE73E-7F70-4E07-8769-C4E9EB29E225}"
EndProject
Project("{9A19103F-16F7-4668-BE54-9A1E7A4F7556}") = "SpendingsSummary.Model", "SpendingsSummary.Model\SpendingsSummary.Model.csproj", "{CFF3EB34-B8AF-4076-B90B-5B7E17E8B438}"
EndProject
Project("{9A19103F-16F7-4668-BE54-9A1E7A4F7556}") = "SpendingsSummary.ReportParser.Tests", "SpendingsSummary.ReportParser.Tests\SpendingsSummary.ReportParser.Tests.csproj", "{DE34C319-7816-425C-B03E-5CA228BB0747}"
EndProject
Project("{9A19103F-16F7-4668-BE54-9A1E7A4F7556}") = "SpendingsSummary.ReportReader", "SpendingsSummary.ReportReader\SpendingsSummary.ReportReader.csproj", "{4BB69ABC-155C-4784-AF20-1B207655CE8E}"
EndProject
Project("{9A19103F-16F7-4668-BE54-9A1E7A4F7556}") = "SpendingsSummary.ReportParser", "SpendingsSummary.ReportParser\SpendingsSummary.ReportParser.csproj", "{D4BA3A30-53EC-4CB9-A127-2260086A30A6}"
EndProject
Project("{9A19103F-16F7-4668-BE54-9A1E7A4F7556}") = "SpendingsSummary.WorkerService", "SpendingsSummary.WorkerService\SpendingsSummary.WorkerService.csproj", "{F248493F-8804-445D-B4A8-DFBA91A495AB}"
EndProject
Global
	GlobalSection(SolutionConfigurationPlatforms) = preSolution
		Debug|Any CPU = Debug|Any CPU
		Release|Any CPU = Release|Any CPU
	EndGlobalSection
	GlobalSection(ProjectConfigurationPlatforms) = postSolution
		{6A5AD8AD-57F8-4C56-9F03-D6919ABAE3E6}.Debug|Any CPU.ActiveCfg = Debug|Any CPU
		{6A5AD8AD-57F8-4C56-9F03-D6919ABAE3E6}.Debug|Any CPU.Build.0 = Debug|Any CPU
		{6A5AD8AD-57F8-4C56-9F03-D6919ABAE3E6}.Release|Any CPU.ActiveCfg = Release|Any CPU
		{6A5AD8AD-57F8-4C56-9F03-D6919ABAE3E6}.Release|Any CPU.Build.0 = Release|Any CPU
		{B18EE73E-7F70-4E07-8769-C4E9EB29E225}.Debug|Any CPU.ActiveCfg = Debug|Any CPU
		{B18EE73E-7F70-4E07-8769-C4E9EB29E225}.Debug|Any CPU.Build.0 = Debug|Any CPU
		{B18EE73E-7F70-4E07-8769-C4E9EB29E225}.Release|Any CPU.ActiveCfg = Release|Any CPU
		{B18EE73E-7F70-4E07-8769-C4E9EB29E225}.Release|Any CPU.Build.0 = Release|Any CPU
		{CFF3EB34-B8AF-4076-B90B-5B7E17E8B438}.Debug|Any CPU.ActiveCfg = Debug|Any CPU
		{CFF3EB34-B8AF-4076-B90B-5B7E17E8B438}.Debug|Any CPU.Build.0 = Debug|Any CPU
		{CFF3EB34-B8AF-4076-B90B-5B7E17E8B438}.Release|Any CPU.ActiveCfg = Release|Any CPU
		{CFF3EB34-B8AF-4076-B90B-5B7E17E8B438}.Release|Any CPU.Build.0 = Release|Any CPU
		{DE34C319-7816-425C-B03E-5CA228BB0747}.Debug|Any CPU.ActiveCfg = Debug|Any CPU
		{DE34C319-7816-425C-B03E-5CA228BB0747}.Debug|Any CPU.Build.0 = Debug|Any CPU
		{DE34C319-7816-425C-B03E-5CA228BB0747}.Release|Any CPU.ActiveCfg = Release|Any CPU
		{DE34C319-7816-425C-B03E-5CA228BB0747}.Release|Any CPU.Build.0 = Release|Any CPU
		{4BB69ABC-155C-4784-AF20-1B207655CE8E}.Debug|Any CPU.ActiveCfg = Debug|Any CPU
		{4BB69ABC-155C-4784-AF20-1B207655CE8E}.Debug|Any CPU.Build.0 = Debug|Any CPU
		{4BB69ABC-155C-4784-AF20-1B207655CE8E}.Release|Any CPU.ActiveCfg = Release|Any CPU
		{4BB69ABC-155C-4784-AF20-1B207655CE8E}.Release|Any CPU.Build.0 = Release|Any CPU
		{D4BA3A30-53EC-4CB9-A127-2260086A30A6}.Debug|Any CPU.ActiveCfg = Debug|Any CPU
		{D4BA3A30-53EC-4CB9-A127-2260086A30A6}.Debug|Any CPU.Build.0 = Debug|Any CPU
		{D4BA3A30-53EC-4CB9-A127-2260086A30A6}.Release|Any CPU.ActiveCfg = Release|Any CPU
		{D4BA3A30-53EC-4CB9-A127-2260086A30A6}.Release|Any CPU.Build.0 = Release|Any CPU
		{F248493F-8804-445D-B4A8-DFBA91A495AB}.Debug|Any CPU.ActiveCfg = Debug|Any CPU
		{F248493F-8804-445D-B4A8-DFBA91A495AB}.Debug|Any CPU.Build.0 = Debug|Any CPU
		{F248493F-8804-445D-B4A8-DFBA91A495AB}.Release|Any CPU.ActiveCfg = Release|Any CPU
		{F248493F-8804-445D-B4A8-DFBA91A495AB}.Release|Any CPU.Build.0 = Release|Any CPU
	EndGlobalSection
	GlobalSection(SolutionProperties) = preSolution
		HideSolutionNode = FALSE
	EndGlobalSection
	GlobalSection(ExtensibilityGlobals) = postSolution
		SolutionGuid = {28EE03B2-DF99-4063-AFEF-AA251A9F18B5}
	EndGlobalSection
EndGlobal
